// !$*UTF8*$!
{
	archiveVersion = 1;
	classes = {
	};
	objectVersion = 46;
	objects = {

/* Begin PBXBuildFile section */
		18D239321CA2CDD800493BE4 /* main.m in Sources */ = {isa = PBXBuildFile; fileRef = 18D239311CA2CDD800493BE4 /* main.m */; };
		18D239351CA2CDD800493BE4 /* AppDelegate.m in Sources */ = {isa = PBXBuildFile; fileRef = 18D239341CA2CDD800493BE4 /* AppDelegate.m */; };
		18D239381CA2CDD800493BE4 /* ViewController.m in Sources */ = {isa = PBXBuildFile; fileRef = 18D239371CA2CDD800493BE4 /* ViewController.m */; };
		18D2393B1CA2CDD800493BE4 /* Main.storyboard in Resources */ = {isa = PBXBuildFile; fileRef = 18D239391CA2CDD800493BE4 /* Main.storyboard */; };
		18D2393D1CA2CDD800493BE4 /* Assets.xcassets in Resources */ = {isa = PBXBuildFile; fileRef = 18D2393C1CA2CDD800493BE4 /* Assets.xcassets */; };
		18D239401CA2CDD800493BE4 /* LaunchScreen.storyboard in Resources */ = {isa = PBXBuildFile; fileRef = 18D2393E1CA2CDD800493BE4 /* LaunchScreen.storyboard */; };
/* End PBXBuildFile section */

/* Begin PBXFileReference section */
		18D2392D1CA2CDD800493BE4 /* About-BLE.app */ = {isa = PBXFileReference; explicitFileType = wrapper.application; includeInIndex = 0; path = "About-BLE.app"; sourceTree = BUILT_PRODUCTS_DIR; };
		18D239311CA2CDD800493BE4 /* main.m */ = {isa = PBXFileReference; lastKnownFileType = sourcecode.c.objc; path = main.m; sourceTree = "<group>"; };
		18D239331CA2CDD800493BE4 /* AppDelegate.h */ = {isa = PBXFileReference; lastKnownFileType = sourcecode.c.h; path = AppDelegate.h; sourceTree = "<group>"; };
		18D239341CA2CDD800493BE4 /* AppDelegate.m */ = {isa = PBXFileReference; lastKnownFileType = sourcecode.c.objc; path = AppDelegate.m; sourceTree = "<group>"; };
		18D239361CA2CDD800493BE4 /* ViewController.h */ = {isa = PBXFileReference; lastKnownFileType = sourcecode.c.h; path = ViewController.h; sourceTree = "<group>"; };
		18D239371CA2CDD800493BE4 /* ViewController.m */ = {isa = PBXFileReference; lastKnownFileType = sourcecode.c.objc; path = ViewController.m; sourceTree = "<group>"; };
		18D2393A1CA2CDD800493BE4 /* Base */ = {isa = PBXFileReference; lastKnownFileType = file.storyboard; name = Base; path = Base.lproj/Main.storyboard; sourceTree = "<group>"; };
		18D2393C1CA2CDD800493BE4 /* Assets.xcassets */ = {isa = PBXFileReference; lastKnownFileType = folder.assetcatalog; path = Assets.xcassets; sourceTree = "<group>"; };
		18D2393F1CA2CDD800493BE4 /* Base */ = {isa = PBXFileReference; lastKnownFileType = file.storyboard; name = Base; path = Base.lproj/LaunchScreen.storyboard; sourceTree = "<group>"; };
		18D239411CA2CDD800493BE4 /* Info.plist */ = {isa = PBXFileReference; lastKnownFileType = text.plist.xml; path = Info.plist; sourceTree = "<group>"; };
/* End PBXFileReference section */

/* Begin PBXFrameworksBuildPhase section */
		18D2392A1CA2CDD800493BE4 /* Frameworks */ = {
			isa = PBXFrameworksBuildPhase;
			buildActionMask = 2147483647;
			files = (
			);
			runOnlyForDeploymentPostprocessing = 0;
		};
/* End PBXFrameworksBuildPhase section */

/* Begin PBXGroup section */
		18D239241CA2CDD800493BE4 = {
			isa = PBXGroup;
			children = (
				18D2392F1CA2CDD800493BE4 /* About-BLE */,
				18D2392E1CA2CDD800493BE4 /* Products */,
			);
			sourceTree = "<group>";
		};
		18D2392E1CA2CDD800493BE4 /* Products */ = {
			isa = PBXGroup;
			children = (
				18D2392D1CA2CDD800493BE4 /* About-BLE.app */,
			);
			name = Products;
			sourceTree = "<group>";
		};
		18D2392F1CA2CDD800493BE4 /* About-BLE */ = {
			isa = PBXGroup;
			children = (
				18D239331CA2CDD800493BE4 /* AppDelegate.h */,
				18D239361CA2CDD800493BE4 /* ViewController.h */,
				18D239341CA2CDD800493BE4 /* AppDelegate.m */,
				18D239371CA2CDD800493BE4 /* ViewController.m */,
				18D239391CA2CDD800493BE4 /* Main.storyboard */,
				18D2393C1CA2CDD800493BE4 /* Assets.xcassets */,
				18D2393E1CA2CDD800493BE4 /* LaunchScreen.storyboard */,
				18D239411CA2CDD800493BE4 /* Info.plist */,
				18D239301CA2CDD800493BE4 /* Supporting Files */,
			);
			path = "About-BLE";
			sourceTree = "<group>";
		};
		18D239301CA2CDD800493BE4 /* Supporting Files */ = {
			isa = PBXGroup;
			children = (
				18D239311CA2CDD800493BE4 /* main.m */,
			);
			name = "Supporting Files";
			sourceTree = "<group>";
		};
/* End PBXGroup section */

/* Begin PBXNativeTarget section */
		18D2392C1CA2CDD800493BE4 /* About-BLE */ = {
			isa = PBXNativeTarget;
			buildConfigurationList = 18D239441CA2CDD800493BE4 /* Build configuration list for PBXNativeTarget "About-BLE" */;
			buildPhases = (
				18D239291CA2CDD800493BE4 /* Sources */,
				18D2392A1CA2CDD800493BE4 /* Frameworks */,
				18D2392B1CA2CDD800493BE4 /* Resources */,
			);
			buildRules = (
			);
			dependencies = (
			);
			name = "About-BLE";
			productName = "About-BLE";
			productReference = 18D2392D1CA2CDD800493BE4 /* About-BLE.app */;
			productType = "com.apple.product-type.application";
		};
/* End PBXNativeTarget section */

/* Begin PBXProject section */
		18D239251CA2CDD800493BE4 /* Project object */ = {
			isa = PBXProject;
			attributes = {
				LastUpgradeCheck = 0720;
				ORGANIZATIONNAME = apple;
				TargetAttributes = {
					18D2392C1CA2CDD800493BE4 = {
						CreatedOnToolsVersion = 7.2;
					};
				};
			};
			buildConfigurationList = 18D239281CA2CDD800493BE4 /* Build configuration list for PBXProject "About-BLE" */;
			compatibilityVersion = "Xcode 3.2";
			developmentRegion = English;
			hasScannedForEncodings = 0;
			knownRegions = (
				en,
				Base,
			);
			mainGroup = 18D239241CA2CDD800493BE4;
			productRefGroup = 18D2392E1CA2CDD800493BE4 /* Products */;
			projectDirPath = "";
			projectRoot = "";
			targets = (
				18D2392C1CA2CDD800493BE4 /* About-BLE */,
			);
		};
/* End PBXProject section */

/* Begin PBXResourcesBuildPhase section */
		18D2392B1CA2CDD800493BE4 /* Resources */ = {
			isa = PBXResourcesBuildPhase;
			buildActionMask = 2147483647;
			files = (
				18D239401CA2CDD800493BE4 /* LaunchScreen.storyboard in Resources */,
				18D2393D1CA2CDD800493BE4 /* Assets.xcassets in Resources */,
				18D2393B1CA2CDD800493BE4 /* Main.storyboard in Resources */,
			);
			runOnlyForDeploymentPostprocessing = 0;
		};
/* End PBXResourcesBuildPhase section */

/* Begin PBXSourcesBuildPhase section */
		18D239291CA2CDD800493BE4 /* Sources */ = {
			isa = PBXSourcesBuildPhase;
			buildActionMask = 2147483647;
			files = (
				18D239381CA2CDD800493BE4 /* ViewController.m in Sources */,
				18D239351CA2CDD800493BE4 /* AppDelegate.m in Sources */,
				18D239321CA2CDD800493BE4 /* main.m in Sources */,
			);
			runOnlyForDeploymentPostprocessing = 0;
		};
/* End PBXSourcesBuildPhase section */

/* Begin PBXVariantGroup section */
		18D239391CA2CDD800493BE4 /* Main.storyboard */ = {
			isa = PBXVariantGroup;
			children = (
				18D2393A1CA2CDD800493BE4 /* Base */,
			);
			name = Main.storyboard;
			sourceTree = "<group>";
		};
		18D2393E1CA2CDD800493BE4 /* LaunchScreen.storyboard */ = {
			isa = PBXVariantGroup;
			children = (
				18D2393F1CA2CDD800493BE4 /* Base */,
			);
			name = LaunchScreen.storyboard;
			sourceTree = "<group>";
		};
/* End PBXVariantGroup section */

/* Begin XCBuildConfiguration section */
		18D239421CA2CDD800493BE4 /* Debug */ = {
			isa = XCBuildConfiguration;
			buildSettings = {
				ALWAYS_SEARCH_USER_PATHS = NO;
				CLANG_CXX_LANGUAGE_STANDARD = "gnu++0x";
				CLANG_CXX_LIBRARY = "libc++";
				CLANG_ENABLE_MODULES = YES;
				CLANG_ENABLE_OBJC_ARC = YES;
				CLANG_WARN_BOOL_CONVERSION = YES;
				CLANG_WARN_CONSTANT_CONVERSION = YES;
				CLANG_WARN_DIRECT_OBJC_ISA_USAGE = YES_ERROR;
				CLANG_WARN_EMPTY_BODY = YES;
				CLANG_WARN_ENUM_CONVERSION = YES;
				CLANG_WARN_INT_CONVERSION = YES;
				CLANG_WARN_OBJC_ROOT_CLASS = YES_ERROR;
				CLANG_WARN_UNREACHABLE_CODE = YES;
				CLANG_WARN__DUPLICATE_METHOD_MATCH = YES;
				"CODE_SIGN_IDENTITY[sdk=iphoneos*]" = "iPhone Developer";
				COPY_PHASE_STRIP = NO;
				DEBUG_INFORMATION_FORMAT = dwarf;
				ENABLE_STRICT_OBJC_MSGSEND = YES;
				ENABLE_TESTABILITY = YES;
				GCC_C_LANGUAGE_STANDARD = gnu99;
				GCC_DYNAMIC_NO_PIC = NO;
				GCC_NO_COMMON_BLOCKS = YES;
				GCC_OPTIMIZATION_LEVEL = 0;
				GCC_PREPROCESSOR_DEFINITIONS = (
					"DEBUG=1",
					"$(inherited)",
				);
				GCC_WARN_64_TO_32_BIT_CONVERSION = YES;
				GCC_WARN_ABOUT_RETURN_TYPE = YES_ERROR;
				GCC_WARN_UNDECLARED_SELECTOR = YES;
				GCC_WARN_UNINITIALIZED_AUTOS = YES_AGGRESSIVE;
				GCC_WARN_UNUSED_FUNCTION = YES;
				GCC_WARN_UNUSED_VARIABLE = YES;
				IPHONEOS_DEPLOYMENT_TARGET = 9.2;
				MTL_ENABLE_DEBUG_INFO = YES;
				ONLY_ACTIVE_ARCH = YES;
				SDKROOT = iphoneos;
				TARGETED_DEVICE_FAMILY = "1,2";
			};
			name = Debug;
		};
		18D239431CA2CDD800493BE4 /* Release */ = {
			isa = XCBuildConfiguration;
			buildSettings = {
				ALWAYS_SEARCH_USER_PATHS = NO;
				CLANG_CXX_LANGUAGE_STANDARD = "gnu++0x";
				CLANG_CXX_LIBRARY = "libc++";
				CLANG_ENABLE_MODULES = YES;
				CLANG_ENABLE_OBJC_ARC = YES;
				CLANG_WARN_BOOL_CONVERSION = YES;
				CLANG_WARN_CONSTANT_CONVERSION = YES;
				CLANG_WARN_DIRECT_OBJC_ISA_USAGE = YES_ERROR;
				CLANG_WARN_EMPTY_BODY = YES;
				CLANG_WARN_ENUM_CONVERSION = YES;
				CLANG_WARN_INT_CONVERSION = YES;
				CLANG_WARN_OBJC_ROOT_CLASS = YES_ERROR;
				CLANG_WARN_UNREACHABLE_CODE = YES;
				CLANG_WARN__DUPLICATE_METHOD_MATCH = YES;
				"CODE_SIGN_IDENTITY[sdk=iphoneos*]" = "iPhone Developer";
				COPY_PHASE_STRIP = NO;
				DEBUG_INFORMATION_FORMAT = "dwarf-with-dsym";
				ENABLE_NS_ASSERTIONS = NO;
				ENABLE_STRICT_OBJC_MSGSEND = YES;
				GCC_C_LANGUAGE_STANDARD = gnu99;
				GCC_NO_COMMON_BLOCKS = YES;
				GCC_WARN_64_TO_32_BIT_CONVERSION = YES;
				GCC_WARN_ABOUT_RETURN_TYPE = YES_ERROR;
				GCC_WARN_UNDECLARED_SELECTOR = YES;
				GCC_WARN_UNINITIALIZED_AUTOS = YES_AGGRESSIVE;
				GCC_WARN_UNUSED_FUNCTION = YES;
				GCC_WARN_UNUSED_VARIABLE = YES;
				IPHONEOS_DEPLOYMENT_TARGET = 9.2;
				MTL_ENABLE_DEBUG_INFO = NO;
				SDKROOT = iphoneos;
				TARGETED_DEVICE_FAMILY = "1,2";
				VALIDATE_PRODUCT = YES;
			};
			name = Release;
		};
		18D239451CA2CDD800493BE4 /* Debug */ = {
			isa = XCBuildConfiguration;
			buildSettings = {
				ASSETCATALOG_COMPILER_APPICON_NAME = AppIcon;
				INFOPLIST_FILE = "About-BLE/Info.plist";
				LD_RUNPATH_SEARCH_PATHS = "$(inherited) @executable_path/Frameworks";
				PRODUCT_BUNDLE_IDENTIFIER = "com.About-BLE";
				PRODUCT_NAME = "$(TARGET_NAME)";
			};
			name = Debug;
		};
		18D239461CA2CDD800493BE4 /* Release */ = {
			isa = XCBuildConfiguration;
			buildSettings = {
				ASSETCATALOG_COMPILER_APPICON_NAME = AppIcon;
				INFOPLIST_FILE = "About-BLE/Info.plist";
				LD_RUNPATH_SEARCH_PATHS = "$(inherited) @executable_path/Frameworks";
				PRODUCT_BUNDLE_IDENTIFIER = "com.About-BLE";
				PRODUCT_NAME = "$(TARGET_NAME)";
			};
			name = Release;
		};
/* End XCBuildConfiguration section */

/* Begin XCConfigurationList section */
		18D239281CA2CDD800493BE4 /* Build configuration list for PBXProject "About-BLE" */ = {
			isa = XCConfigurationList;
			buildConfigurations = (
				18D239421CA2CDD800493BE4 /* Debug */,
				18D239431CA2CDD800493BE4 /* Release */,
			);
			defaultConfigurationIsVisible = 0;
			defaultConfigurationName = Release;
		};
		18D239441CA2CDD800493BE4 /* Build configuration list for PBXNativeTarget "About-BLE" */ = {
			isa = XCConfigurationList;
			buildConfigurations = (
				18D239451CA2CDD800493BE4 /* Debug */,
				18D239461CA2CDD800493BE4 /* Release */,
			);
			defaultConfigurationIsVisible = 0;
			defaultConfigurationName = Release;
		};
/* End XCConfigurationList section */
	};
	rootObject = 18D239251CA2CDD800493BE4 /* Project object */;
}
